
Microsoft Visual Studio Solution File, Format Version 12.00
# Visual Studio Version 17
VisualStudioVersion = 17.13.35931.197 d17.13
MinimumVisualStudioVersion = 10.0.40219.1
Project("{FAE04EC0-301F-11D3-BF4B-00C04F79EFBC}") = "KINDERGARDENIS", "KINDERGARDENIS.csproj", "{C3C2B346-C69E-4D7E-B7F1-963EB465FC9A}"
EndProject
Global
	GlobalSection(SolutionConfigurationPlatforms) = preSolution
		Debug|Any CPU = Debug|Any CPU
		Release|Any CPU = Release|Any CPU
	EndGlobalSection
	GlobalSection(ProjectConfigurationPlatforms) = postSolution
		{C3C2B346-C69E-4D7E-B7F1-963EB465FC9A}.Debug|Any CPU.ActiveCfg = Debug|Any CPU
		{C3C2B346-C69E-4D7E-B7F1-963EB465FC9A}.Debug|Any CPU.Build.0 = Debug|Any CPU
		{C3C2B346-C69E-4D7E-B7F1-963EB465FC9A}.Release|Any CPU.ActiveCfg = Release|Any CPU
		{C3C2B346-C69E-4D7E-B7F1-963EB465FC9A}.Release|Any CPU.Build.0 = Release|Any CPU
	EndGlobalSection
	GlobalSection(SolutionProperties) = preSolution
		HideSolutionNode = FALSE
	EndGlobalSection
	GlobalSection(ExtensibilityGlobals) = postSolution
		SolutionGuid = {F5DD3EBE-7C6D-44D5-9A43-3B213274D0D7}
	EndGlobalSection
EndGlobal
